
Microsoft Visual Studio Solution File, Format Version 12.00
# Visual Studio Version 17
VisualStudioVersion = 17.6.33829.357
MinimumVisualStudioVersion = 10.0.40219.1
Project("{FAE04EC0-301F-11D3-BF4B-00C04F79EFBC}") = "Guess the Number game from Valentyn Tukov", "Guess the Number game from Valentyn Tukov\Guess the Number game from Valentyn Tukov.csproj", "{1B694602-2A6B-4131-941A-D0A828D3680B}"
EndProject
Global
	GlobalSection(SolutionConfigurationPlatforms) = preSolution
		Debug|Any CPU = Debug|Any CPU
		Release|Any CPU = Release|Any CPU
	EndGlobalSection
	GlobalSection(ProjectConfigurationPlatforms) = postSolution
		{1B694602-2A6B-4131-941A-D0A828D3680B}.Debug|Any CPU.ActiveCfg = Debug|Any CPU
		{1B694602-2A6B-4131-941A-D0A828D3680B}.Debug|Any CPU.Build.0 = Debug|Any CPU
		{1B694602-2A6B-4131-941A-D0A828D3680B}.Release|Any CPU.ActiveCfg = Release|Any CPU
		{1B694602-2A6B-4131-941A-D0A828D3680B}.Release|Any CPU.Build.0 = Release|Any CPU
	EndGlobalSection
	GlobalSection(SolutionProperties) = preSolution
		HideSolutionNode = FALSE
	EndGlobalSection
	GlobalSection(ExtensibilityGlobals) = postSolution
		SolutionGuid = {C315BF35-4DA3-4122-830E-DD184C87C819}
	EndGlobalSection
EndGlobal
